
Microsoft Visual Studio Solution File, Format Version 12.00
# Visual Studio Version 16
VisualStudioVersion = 16.0.30002.166
MinimumVisualStudioVersion = 10.0.40219.1
Project("{FAE04EC0-301F-11D3-BF4B-00C04F79EFBC}") = "Deidre_MVC", "Deidre_MVC\Deidre_MVC.csproj", "{C0FE9BF9-AA66-424E-A6D1-652281D71EF8}"
EndProject
Global
	GlobalSection(SolutionConfigurationPlatforms) = preSolution
		Debug|Any CPU = Debug|Any CPU
		Release|Any CPU = Release|Any CPU
	EndGlobalSection
	GlobalSection(ProjectConfigurationPlatforms) = postSolution
		{C0FE9BF9-AA66-424E-A6D1-652281D71EF8}.Debug|Any CPU.ActiveCfg = Debug|Any CPU
		{C0FE9BF9-AA66-424E-A6D1-652281D71EF8}.Debug|Any CPU.Build.0 = Debug|Any CPU
		{C0FE9BF9-AA66-424E-A6D1-652281D71EF8}.Release|Any CPU.ActiveCfg = Release|Any CPU
		{C0FE9BF9-AA66-424E-A6D1-652281D71EF8}.Release|Any CPU.Build.0 = Release|Any CPU
	EndGlobalSection
	GlobalSection(SolutionProperties) = preSolution
		HideSolutionNode = FALSE
	EndGlobalSection
	GlobalSection(ExtensibilityGlobals) = postSolution
		SolutionGuid = {39E33FDC-A86A-48C5-B916-823F537622A1}
	EndGlobalSection
EndGlobal
